# THIS IS AN AUTOGENERATED FILE. DO NOT EDIT THIS FILE DIRECTLY.
# yarn lockfile v1


"@ava/babel-plugin-throws-helper@^2.0.0":
  version "2.0.0"
  resolved "https://registry.yarnpkg.com/@ava/babel-plugin-throws-helper/-/babel-plugin-throws-helper-2.0.0.tgz#2fc1fe3c211a71071a4eca7b8f7af5842cd1ae7c"
  integrity sha1-L8H+PCEacQcaTsp7j3r1hCzRrnw=

"@ava/babel-preset-stage-4@^1.1.0":
  version "1.1.0"
  resolved "https://registry.yarnpkg.com/@ava/babel-preset-stage-4/-/babel-preset-stage-4-1.1.0.tgz#ae60be881a0babf7d35f52aba770d1f6194f76bd"
  integrity sha512-oWqTnIGXW3k72UFidXzW0ONlO7hnO9x02S/QReJ7NBGeiBH9cUHY9+EfV6C8PXC6YJH++WrliEq03wMSJGNZFg==
  dependencies:
    babel-plugin-check-es2015-constants "^6.8.0"
    babel-plugin-syntax-trailing-function-commas "^6.20.0"
    babel-plugin-transform-async-to-generator "^6.16.0"
    babel-plugin-transform-es2015-destructuring "^6.19.0"
    babel-plugin-transform-es2015-function-name "^6.9.0"
    babel-plugin-transform-es2015-modules-commonjs "^6.18.0"
    babel-plugin-transform-es2015-parameters "^6.21.0"
    babel-plugin-transform-es2015-spread "^6.8.0"
    babel-plugin-transform-es2015-sticky-regex "^6.8.0"
    babel-plugin-transform-es2015-unicode-regex "^6.11.0"
    babel-plugin-transform-exponentiation-operator "^6.8.0"
    package-hash "^1.2.0"

"@ava/babel-preset-transform-test-files@^3.0.0":
  version "3.0.0"
  resol